
Microsoft Visual Studio Solution File, Format Version 12.00
# Visual Studio Version 16
VisualStudioVersion = 16.0.30907.101
MinimumVisualStudioVersion = 10.0.40219.1
Project("{FAE04EC0-301F-11D3-BF4B-00C04F79EFBC}") = "Product.API", "Product.API\Product.API.csproj", "{F936C77F-7459-4C78-BC62-4B3E87510FE6}"
EndProject
Global
	GlobalSection(SolutionConfigurationPlatforms) = preSolution
		Debug|Any CPU = Debug|Any CPU
		Release|Any CPU = Release|Any CPU
	EndGlobalSection
	GlobalSection(ProjectConfigurationPlatforms) = postSolution
		{F936C77F-7459-4C78-BC62-4B3E87510FE6}.Debug|Any CPU.ActiveCfg = Debug|Any CPU
		{F936C77F-7459-4C78-BC62-4B3E87510FE6}.Debug|Any CPU.Build.0 = Debug|Any CPU
		{F936C77F-7459-4C78-BC62-4B3E87510FE6}.Release|Any CPU.ActiveCfg = Release|Any CPU
		{F936C77F-7459-4C78-BC62-4B3E87510FE6}.Release|Any CPU.Build.0 = Release|Any CPU
	EndGlobalSection
	GlobalSection(SolutionProperties) = preSolution
		HideSolutionNode = FALSE
	EndGlobalSection
	GlobalSection(ExtensibilityGlobals) = postSolution
		SolutionGuid = {4817CC16-DE39-4E3E-B7C0-984D96903381}
	EndGlobalSection
EndGlobal
